
Microsoft Visual Studio Solution File, Format Version 12.00
# Visual Studio Version 16
VisualStudioVersion = 16.0.29215.179
MinimumVisualStudioVersion = 10.0.40219.1
Project("{2150E333-8FDC-42A3-9474-1A3956D46DE8}") = "src", "src", "{63816385-5A04-4532-B10B-4D1D55508CA6}"
EndProject
Project("{2150E333-8FDC-42A3-9474-1A3956D46DE8}") = "Web", "Web", "{BC9067BE-0BA3-4FA5-B3CB-7C14676CC002}"
EndProject
Project("{2150E333-8FDC-42A3-9474-1A3956D46DE8}") = "Services", "Services", "{B191782A-88D5-4A1E-B217-3C0290DAB80F}"
EndProject
Project("{2150E333-8FDC-42A3-9474-1A3956D46DE8}") = "OA", "OA", "{4A3539F1-F85E-4DE4-B963-8E68774D9E85}"
EndProject
Project("{2150E333-8FDC-42A3-9474-1A3956D46DE8}") = "Workflow", "Workflow", "{E81CCF15-EADC-40FE-8FCE-13D1BD560401}"
EndProject
Project("{9A19103F-16F7-4668-BE54-9A1E7A4F7556}") = "LeoProject.LionWorkflow.Api", "src\Services\Workflow\LeoProject.LionWorkflow.Api\LeoProject.LionWorkflow.Api.csproj", "{E1D13270-77F6-405B-82E9-01042B3D1F3E}"
EndProject
Project("{FAE04EC0-301F-11D3-BF4B-00C04F79EFBC}") = "LeoProject.LionWorkflow.Model", "src\Services\Workflow\LeoProject.LionWorkflow.Model\LeoProject.LionWorkflow.Model.csproj", "{B5AC8C2F-AB78-4E0E-ADDE-ED8E10B74EA2}"
EndProject
Project("{FAE04EC0-301F-11D3-BF4B-00C04F79EFBC}") = "LeoProject.LionOA.Api", "src\Services\OA\LeoProject.LionOA.Api\LeoProject.LionOA.Api.csproj", "{D574FF26-6D08-45F2-A66B-20D439CE4984}"
EndProject
Project("{FAE04EC0-301F-11D3-BF4B-00C04F79EFBC}") = "LeoProject.LionOA.Model", "src\Services\OA\LeoProject.LionOA.Model\LeoProject.LionOA.Model.csproj", "{91E69339-1C9C-45CA-96FF-8A2B9916E216}"
EndProject
Project("{2150E333-8FDC-42A3-9474-1A3956D46DE8}") = "Common", "Common", "{8008CFE1-BC9D-4FC1-95C3-5E6E69C947B0}"
EndProject
Project("{FAE04EC0-301F-11D3-BF4B-00C04F79EFBC}") = "LeoProject.Common", "src\Common\LeoProject.Common\LeoProject.Common.csproj", "{E6B1DB45-6F1D-43F6-B769-7BF35FA4A897}"
EndProject
Project("{9A19103F-16F7-4668-BE54-9A1E7A4F7556}") = "LeoProject", "src\Web\LeoProject.csproj", "{12ECA20D-A715-434A-9C52-1CCD6DD54AAD}"
EndProject
Global
	GlobalSection(SolutionConfigurationPlatforms) = preSolution
		Debug|Any CPU = Debug|Any CPU
		Release|Any CPU = Release|Any CPU
	EndGlobalSection
	GlobalSection(ProjectConfigurationPlatforms) = postSolution
		{E1D13270-77F6-405B-82E9-01042B3D1F3E}.Debug|Any CPU.ActiveCfg = Debug|Any CPU
		{E1D13270-77F6-405B-82E9-01042B3D1F3E}.Debug|Any CPU.Build.0 = Debug|Any CPU
		{E1D13270-77F6-405B-82E9-01042B3D1F3E}.Release|Any CPU.ActiveCfg = Release|Any CPU
		{E1D13270-77F6-405B-82E9-01042B3D1F3E}.Release|Any CPU.Build.0 = Release|Any CPU
		{B5AC8C2F-AB78-4E0E-ADDE-ED8E10B74EA2}.Debug|Any CPU.ActiveCfg = Debug|Any CPU
		{B5AC8C2F-AB78-4E0E-ADDE-ED8E10B74EA2}.Debug|Any CPU.Build.0 = Debug|Any CPU
		{B5AC8C2F-AB78-4E0E-ADDE-ED8E10B74EA2}.Release|Any CPU.ActiveCfg = Release|Any CPU
		{B5AC8C2F-AB78-4E0E-ADDE-ED8E10B74EA2}.Release|Any CPU.Build.0 = Release|Any CPU
		{D574FF26-6D08-45F2-A66B-20D439CE4984}.Debug|Any CPU.ActiveCfg = Debug|Any CPU
		{D574FF26-6D08-45F2-A66B-20D439CE4984}.Debug|Any CPU.Build.0 = Debug|Any CPU
		{D574FF26-6D08-45F2-A66B-20D439CE4984}.Release|Any CPU.ActiveCfg = Release|Any CPU
		{D574FF26-6D08-45F2-A66B-20D439CE4984}.Release|Any CPU.Build.0 = Release|Any CPU
		{91E69339-1C9C-45CA-96FF-8A2B9916E216}.Debug|Any CPU.ActiveCfg = Debug|Any CPU
		{91E69339-1C9C-45CA-96FF-8A2B9916E216}.Debug|Any CPU.Build.0 = Debug|Any CPU
		{91E69339-1C9C-45CA-96FF-8A2B9916E216}.Release|Any CPU.ActiveCfg = Release|Any CPU
		{91E69339-1C9C-45CA-96FF-8A2B9916E216}.Release|Any CPU.Build.0 = Release|Any CPU
		{E6B1DB45-6F1D-43F6-B769-7BF35FA4A897}.Debug|Any CPU.ActiveCfg = Debug|Any CPU
		{E6B1DB45-6F1D-43F6-B769-7BF35FA4A897}.Debug|Any CPU.Build.0 = Debug|Any CPU
		{E6B1DB45-6F1D-43F6-B769-7BF35FA4A897}.Release|Any CPU.ActiveCfg = Release|Any CPU
		{E6B1DB45-6F1D-43F6-B769-7BF35FA4A897}.Release|Any CPU.Build.0 = Release|Any CPU
		{12ECA20D-A715-434A-9C52-1CCD6DD54AAD}.Debug|Any CPU.ActiveCfg = Debug|Any CPU
		{12ECA20D-A715-434A-9C52-1CCD6DD54AAD}.Debug|Any CPU.Build.0 = Debug|Any CPU
		{12ECA20D-A715-434A-9C52-1CCD6DD54AAD}.Release|Any CPU.ActiveCfg = Release|Any CPU
		{12ECA20D-A715-434A-9C52-1CCD6DD54AAD}.Release|Any CPU.Build.0 = Release|Any CPU
	EndGlobalSection
	GlobalSection(SolutionProperties) = preSolution
		HideSolutionNode = FALSE
	EndGlobalSection
	GlobalSection(NestedProjects) = preSolution
		{BC9067BE-0BA3-4FA5-B3CB-7C14676CC002} = {63816385-5A04-4532-B10B-4D1D55508CA6}
		{B191782A-88D5-4A1E-B217-3C0290DAB80F} = {63816385-5A04-4532-B10B-4D1D55508CA6}
		{4A3539F1-F85E-4DE4-B963-8E68774D9E85} = {B191782A-88D5-4A1E-B217-3C0290DAB80F}
		{E81CCF15-EADC-40FE-8FCE-13D1BD560401} = {B191782A-88D5-4A1E-B217-3C0290DAB80F}
		{E1D13270-77F6-405B-82E9-01042B3D1F3E} = {E81CCF15-EADC-40FE-8FCE-13D1BD560401}
		{B5AC8C2F-AB78-4E0E-ADDE-ED8E10B74EA2} = {E81CCF15-EADC-40FE-8FCE-13D1BD560401}
		{D574FF26-6D08-45F2-A66B-20D439CE4984} = {4A3539F1-F85E-4DE4-B963-8E68774D9E85}
		{91E69339-1C9C-45CA-96FF-8A2B9916E216} = {4A3539F1-F85E-4DE4-B963-8E68774D9E85}
		{8008CFE1-BC9D-4FC1-95C3-5E6E69C947B0} = {63816385-5A04-4532-B10B-4D1D55508CA6}
		{E6B1DB45-6F1D-43F6-B769-7BF35FA4A897} = {8008CFE1-BC9D-4FC1-95C3-5E6E69C947B0}
		{12ECA20D-A715-434A-9C52-1CCD6DD54AAD} = {BC9067BE-0BA3-4FA5-B3CB-7C14676CC002}
	EndGlobalSection
	GlobalSection(ExtensibilityGlobals) = postSolution
		SolutionGuid = {F996CFEA-8FAC-4712-8D94-949BAE569049}
	EndGlobalSection
EndGlobal
